{
    "symfony/flex": {
        "version": "1.0",
        "recipe": {
            "repo": "github.com/symfony/recipes",
            "branch": "master",
            "version": "1.0",
            "ref": "e921bdbfe20cdefa3b82f379d1cd36df1bc8d115"
        }
    },
    "symfony/process": {
        "version": "v3.3.11"
    },
    "symfony/web-server-bundle": {
        "version": "3.3",
        "recipe": {
            "repo": "github.com/symfony/recipes",
            "branch": "master",
            "version": "3.3",
            "ref": "c72d107d077f1654428edaed69415d0228c1aefe"
        }
    },
    "twig/twig": {
        "version": "v2.4.4"
    },
    "symfony/twig-bridge": {
        "version": "v3.3.11"
    },
    "symfony/twig-bundle": {
        "version": "3.3",
        "recipe": {
            "repo": "github.com/symfony/recipes",
            "branch": "master",
            "version": "3.3",
            "ref": "f75ac166398e107796ca94cc57fa1edaa06ec47f"
        }
    },
    "sensio/framework-extra-bundle": {
        "version": "4.0",
        "recipe": {
            "repo": "github.com/symfony/recipes",
            "branch": "master",
            "version": "4.0",
            "ref": "aaddfdf43cdecd4cf91f992052d76c2cadc04543"
        }
    },
    "symfony/css-selector": {
        "version": "v3.3.11"
    }
}
